{
    "requires": true,
    "lockfileVersion": 1,
    "dependencies": {
        "@types/codemirror": {
            "version": "0.0.56",
            "resolved": "https://registry.npmjs.org/@types/codemirror/-/codemirror-0.0.56.tgz",
            "integrity": "sha512-OMtPqg2wFOEcNeVga+m+UXpYJw8ugISPCQOtShdFUho/k91Ms1oWOozoDT1I87Phv6IdwLfMLtIOahh1tO1cJQ==",
            "dev": true
        },
        "@types/node": {
            "version": "14.0.13",
            "resolved": "https://registry.npmjs.org/@types/node/-/node-14.0.13.tgz",
            "integrity": "sha512-rouEWBImiRaSJsVA+ITTFM6ZxibuAlTuNOCyxVbwreu6k6+ujs7DfnU9o+PShFhET78pMBl3eH+AGSI5eOTkPA==",
            "dev": true
        }
    }
}
